
Microsoft Visual Studio Solution File, Format Version 12.00
# Visual Studio Version 17
VisualStudioVersion = 17.8.34408.163
MinimumVisualStudioVersion = 10.0.40219.1
Project("{FAE04EC0-301F-11D3-BF4B-00C04F79EFBC}") = "DeliveryCharges", "DeliveryCharges\DeliveryCharges.csproj", "{F2DD8970-7598-4E62-B0F0-86E2AB1888F3}"
EndProject
Global
	GlobalSection(SolutionConfigurationPlatforms) = preSolution
		Debug|Any CPU = Debug|Any CPU
		Release|Any CPU = Release|Any CPU
	EndGlobalSection
	GlobalSection(ProjectConfigurationPlatforms) = postSolution
		{F2DD8970-7598-4E62-B0F0-86E2AB1888F3}.Debug|Any CPU.ActiveCfg = Debug|Any CPU
		{F2DD8970-7598-4E62-B0F0-86E2AB1888F3}.Debug|Any CPU.Build.0 = Debug|Any CPU
		{F2DD8970-7598-4E62-B0F0-86E2AB1888F3}.Release|Any CPU.ActiveCfg = Release|Any CPU
		{F2DD8970-7598-4E62-B0F0-86E2AB1888F3}.Release|Any CPU.Build.0 = Release|Any CPU
	EndGlobalSection
	GlobalSection(SolutionProperties) = preSolution
		HideSolutionNode = FALSE
	EndGlobalSection
	GlobalSection(ExtensibilityGlobals) = postSolution
		SolutionGuid = {1D8E61F6-2456-4E3B-996B-A3583BD4A1DE}
	EndGlobalSection
EndGlobal
